{
    "_meta": {
        "hash": {
            "sha256": "18c9dc7e65c30c8beb023baa6f1d8a2569ee33a022227999516b0fad2b3a50f7"
        },
        "pipfile-spec": 6,
        "requires": {
            "python_version": "3.7"
        },
        "sources": [
            {
                "name": "pypi",
                "url": "https://pypi.org/simple",
                "verify_ssl": true
            }
        ]
    },
    "default": {
        "colorama": {
            "hashes": [
                "sha256:7d73d2a99753107a36ac6b455ee49046802e59d9d076ef8e47b61499fa29afff",
                "sha256:e96da0d330793e2cb9485e9ddfd918d456036c7149416295932478192f4436a1"
            ],
            "index": "pypi",
            "version": "==0.4.3"
        },
        "pigpio": {
            "hashes": [
                "sha256:8dbeb9445c128654e9368e8e1e4c4b06602b450e6556bebccc2efae82fb5dc85",
                "sha256:f5f2562f8f7aab0c6cf7235e501e72bedbf063efda725c6086c352b5e4b2f59d"
            ],
            "index": "pypi",
            "version": "==1.46"
        }
    },
    "develop": {}
}
